
Microsoft Visual Studio Solution File, Format Version 12.00
# Visual Studio Version 17
VisualStudioVersion = 17.3.32901.215
MinimumVisualStudioVersion = 10.0.40219.1
Project("{8BC9CEB8-8B4A-11D0-8D11-00A0C91BC942}") = "task1", "task1\task1.vcxproj", "{2DE98248-06E3-4636-9685-9022FD491B75}"
EndProject
Project("{8BC9CEB8-8B4A-11D0-8D11-00A0C91BC942}") = "task2", "task2\task2.vcxproj", "{5B020FA3-D560-42C9-834C-F8D89D47F777}"
EndProject
Project("{8BC9CEB8-8B4A-11D0-8D11-00A0C91BC942}") = "task6", "task6\task6.vcxproj", "{546E3CD9-1494-4394-8C68-D4FF9F6EE95B}"
EndProject
Project("{8BC9CEB8-8B4A-11D0-8D11-00A0C91BC942}") = "task7", "task7\task7.vcxproj", "{18EC26F0-2CC6-46A2-AD74-1BC763CD9326}"
EndProject
Project("{8BC9CEB8-8B4A-11D0-8D11-00A0C91BC942}") = "task4", "task4\task4.vcxproj", "{AB617983-D040-4B90-83A1-0AB6356112A2}"
EndProject
Project("{8BC9CEB8-8B4A-11D0-8D11-00A0C91BC942}") = "task5", "task5\task5.vcxproj", "{CA658A52-0D30-4AD0-BC94-C23D98BE2E66}"
EndProject
Project("{8BC9CEB8-8B4A-11D0-8D11-00A0C91BC942}") = "task8", "task8\task8.vcxproj", "{6D61DA06-E3BD-4883-9C8F-12DB71425459}"
EndProject
Project("{8BC9CEB8-8B4A-11D0-8D11-00A0C91BC942}") = "task3", "task3\task3.vcxproj", "{4CC26394-8864-492C-9211-B1AD9F7C377B}"
EndProject
Project("{8BC9CEB8-8B4A-11D0-8D11-00A0C91BC942}") = "TestTask5", "TestTask5\TestTask5.vcxproj", "{19433448-F5C5-4908-891A-373089DC31E7}"
EndProject
Project("{8BC9CEB8-8B4A-11D0-8D11-00A0C91BC942}") = "TestTask6", "TestTask6\TestTask6.vcxproj", "{93761E94-207D-422D-A815-07F8FDF148D7}"
EndProject
Project("{8BC9CEB8-8B4A-11D0-8D11-00A0C91BC942}") = "TestTask7", "TestTask7\TestTask7.vcxproj", "{2D2517BB-DC52-4117-99E4-C3C34E671E58}"
EndProject
Project("{8BC9CEB8-8B4A-11D0-8D11-00A0C91BC942}") = "TestTask8", "TestTask8\TestTask8.vcxproj", "{5851FFA4-89EF-4126-BC10-AB504500F253}"
EndProject
Global
	GlobalSection(SolutionConfigurationPlatforms) = preSolution
		Debug|x64 = Debug|x64
		Debug|x86 = Debug|x86
		Release|x64 = Release|x64
		Release|x86 = Release|x86
	EndGlobalSection
	GlobalSection(ProjectConfigurationPlatforms) = postSolution
		{2DE98248-06E3-4636-9685-9022FD491B75}.Debug|x64.ActiveCfg = Debug|x64
		{2DE98248-06E3-4636-9685-9022FD491B75}.Debug|x64.Build.0 = Debug|x64
		{2DE98248-06E3-4636-9685-9022FD491B75}.Debug|x86.ActiveCfg = Debug|Win32
		{2DE98248-06E3-4636-9685-9022FD491B75}.Debug|x86.Build.0 = Debug|Win32
		{2DE98248-06E3-4636-9685-9022FD491B75}.Release|x64.ActiveCfg = Release|x64
		{2DE98248-06E3-4636-9685-9022FD491B75}.Release|x64.Build.0 = Release|x64
		{2DE98248-06E3-4636-9685-9022FD491B75}.Release|x86.ActiveCfg = Release|Win32
		{2DE98248-06E3-4636-9685-9022FD491B75}.Release|x86.Build.0 = Release|Win32
		{5B020FA3-D560-42C9-834C-F8D89D47F777}.Debug|x64.ActiveCfg = Debug|x64
		{5B020FA3-D560-42C9-834C-F8D89D47F777}.Debug|x64.Build.0 = Debug|x64
		{5B020FA3-D560-42C9-834C-F8D89D47F777}.Debug|x86.ActiveCfg = Debug|Win32
		{5B020FA3-D560-42C9-834C-F8D89D47F777}.Debug|x86.Build.0 = Debug|Win32
		{5B020FA3-D560-42C9-834C-F8D89D47F777}.Release|x64.ActiveCfg = Release|x64
		{5B020FA3-D560-42C9-834C-F8D89D47F777}.Release|x64.Build.0 = Release|x64
		{5B020FA3-D560-42C9-834C-F8D89D47F777}.Release|x86.ActiveCfg = Release|Win32
		{5B020FA3-D560-42C9-834C-F8D89D47F777}.Release|x86.Build.0 = Release|Win32
		{546E3CD9-1494-4394-8C68-D4FF9F6EE95B}.Debug|x64.ActiveCfg = Debug|x64
		{546E3CD9-1494-4394-8C68-D4FF9F6EE95B}.Debug|x64.Build.0 = Debug|x64
		{546E3CD9-1494-4394-8C68-D4FF9F6EE95B}.Debug|x86.ActiveCfg = Debug|Win32
		{546E3CD9-1494-4394-8C68-D4FF9F6EE95B}.Debug|x86.Build.0 = Debug|Win32
		{546E3CD9-1494-4394-8C68-D4FF9F6EE95B}.Release|x64.ActiveCfg = Release|x64
		{546E3CD9-1494-4394-8C68-D4FF9F6EE95B}.Release|x64.Build.0 = Release|x64
		{546E3CD9-1494-4394-8C68-D4FF9F6EE95B}.Release|x86.ActiveCfg = Release|Win32
		{546E3CD9-1494-4394-8C68-D4FF9F6EE95B}.Release|x86.Build.0 = Release|Win32
		{18EC26F0-2CC6-46A2-AD74-1BC763CD9326}.Debug|x64.ActiveCfg = Debug|x64
		{18EC26F0-2CC6-46A2-AD74-1BC763CD9326}.Debug|x64.Build.0 = Debug|x64
		{18EC26F0-2CC6-46A2-AD74-1BC763CD9326}.Debug|x86.ActiveCfg = Debug|Win32
		{18EC26F0-2CC6-46A2-AD74-1BC763CD9326}.Debug|x86.Build.0 = Debug|Win32
		{18EC26F0-2CC6-46A2-AD74-1BC763CD9326}.Release|x64.ActiveCfg = Release|x64
		{18EC26F0-2CC6-46A2-AD74-1BC763CD9326}.Release|x64.Build.0 = Release|x64
		{18EC26F0-2CC6-46A2-AD74-1BC763CD9326}.Release|x86.ActiveCfg = Release|Win32
		{18EC26F0-2CC6-46A2-AD74-1BC763CD9326}.Release|x86.Build.0 = Release|Win32
		{AB617983-D040-4B90-83A1-0AB6356112A2}.Debug|x64.ActiveCfg = Debug|x64
		{AB617983-D040-4B90-83A1-0AB6356112A2}.Debug|x64.Build.0 = Debug|x64
		{AB617983-D040-4B90-83A1-0AB6356112A2}.Debug|x86.ActiveCfg = Debug|Win32
		{AB617983-D040-4B90-83A1-0AB6356112A2}.Debug|x86.Build.0 = Debug|Win32
		{AB617983-D040-4B90-83A1-0AB6356112A2}.Release|x64.ActiveCfg = Release|x64
		{AB617983-D040-4B90-83A1-0AB6356112A2}.Release|x64.Build.0 = Release|x64
		{AB617983-D040-4B90-83A1-0AB6356112A2}.Release|x86.ActiveCfg = Release|Win32
		{AB617983-D040-4B90-83A1-0AB6356112A2}.Release|x86.Build.0 = Release|Win32
		{CA658A52-0D30-4AD0-BC94-C23D98BE2E66}.Debug|x64.ActiveCfg = Debug|x64
		{CA658A52-0D30-4AD0-BC94-C23D98BE2E66}.Debug|x64.Build.0 = Debug|x64
		{CA658A52-0D30-4AD0-BC94-C23D98BE2E66}.Debug|x86.ActiveCfg = Debug|Win32
		{CA658A52-0D30-4AD0-BC94-C23D98BE2E66}.Debug|x86.Build.0 = Debug|Win32
		{CA658A52-0D30-4AD0-BC94-C23D98BE2E66}.Release|x64.ActiveCfg = Release|x64
		{CA658A52-0D30-4AD0-BC94-C23D98BE2E66}.Release|x64.Build.0 = Release|x64
		{CA658A52-0D30-4AD0-BC94-C23D98BE2E66}.Release|x86.ActiveCfg = Release|Win32
		{CA658A52-0D30-4AD0-BC94-C23D98BE2E66}.Release|x86.Build.0 = Release|Win32
		{6D61DA06-E3BD-4883-9C8F-12DB71425459}.Debug|x64.ActiveCfg = Debug|x64
		{6D61DA06-E3BD-4883-9C8F-12DB71425459}.Debug|x64.Build.0 = Debug|x64
		{6D61DA06-E3BD-4883-9C8F-12DB71425459}.Debug|x86.ActiveCfg = Debug|Win32
		{6D61DA06-E3BD-4883-9C8F-12DB71425459}.Debug|x86.Build.0 = Debug|Win32
		{6D61DA06-E3BD-4883-9C8F-12DB71425459}.Release|x64.ActiveCfg = Release|x64
		{6D61DA06-E3BD-4883-9C8F-12DB71425459}.Release|x64.Build.0 = Release|x64
		{6D61DA06-E3BD-4883-9C8F-12DB71425459}.Release|x86.ActiveCfg = Release|Win32
		{6D61DA06-E3BD-4883-9C8F-12DB71425459}.Release|x86.Build.0 = Release|Win32
		{4CC26394-8864-492C-9211-B1AD9F7C377B}.Debug|x64.ActiveCfg = Debug|x64
		{4CC26394-8864-492C-9211-B1AD9F7C377B}.Debug|x64.Build.0 = Debug|x64
		{4CC26394-8864-492C-9211-B1AD9F7C377B}.Debug|x86.ActiveCfg = Debug|Win32
		{4CC26394-8864-492C-9211-B1AD9F7C377B}.Debug|x86.Build.0 = Debug|Win32
		{4CC26394-8864-492C-9211-B1AD9F7C377B}.Release|x64.ActiveCfg = Release|x64
		{4CC26394-8864-492C-9211-B1AD9F7C377B}.Release|x64.Build.0 = Release|x64
		{4CC26394-8864-492C-9211-B1AD9F7C377B}.Release|x86.ActiveCfg = Release|Win32
		{4CC26394-8864-492C-9211-B1AD9F7C377B}.Release|x86.Build.0 = Release|Win32
		{19433448-F5C5-4908-891A-373089DC31E7}.Debug|x64.ActiveCfg = Debug|x64
		{19433448-F5C5-4908-891A-373089DC31E7}.Debug|x64.Build.0 = Debug|x64
		{19433448-F5C5-4908-891A-373089DC31E7}.Debug|x86.ActiveCfg = Debug|Win32
		{19433448-F5C5-4908-891A-373089DC31E7}.Debug|x86.Build.0 = Debug|Win32
		{19433448-F5C5-4908-891A-373089DC31E7}.Release|x64.ActiveCfg = Release|x64
		{19433448-F5C5-4908-891A-373089DC31E7}.Release|x64.Build.0 = Release|x64
		{19433448-F5C5-4908-891A-373089DC31E7}.Release|x86.ActiveCfg = Release|Win32
		{19433448-F5C5-4908-891A-373089DC31E7}.Release|x86.Build.0 = Release|Win32
		{93761E94-207D-422D-A815-07F8FDF148D7}.Debug|x64.ActiveCfg = Debug|x64
		{93761E94-207D-422D-A815-07F8FDF148D7}.Debug|x64.Build.0 = Debug|x64
		{93761E94-207D-422D-A815-07F8FDF148D7}.Debug|x86.ActiveCfg = Debug|Win32
		{93761E94-207D-422D-A815-07F8FDF148D7}.Debug|x86.Build.0 = Debug|Win32
		{93761E94-207D-422D-A815-07F8FDF148D7}.Release|x64.ActiveCfg = Release|x64
		{93761E94-207D-422D-A815-07F8FDF148D7}.Release|x64.Build.0 = Release|x64
		{93761E94-207D-422D-A815-07F8FDF148D7}.Release|x86.ActiveCfg = Release|Win32
		{93761E94-207D-422D-A815-07F8FDF148D7}.Release|x86.Build.0 = Release|Win32
		{2D2517BB-DC52-4117-99E4-C3C34E671E58}.Debug|x64.ActiveCfg = Debug|x64
		{2D2517BB-DC52-4117-99E4-C3C34E671E58}.Debug|x64.Build.0 = Debug|x64
		{2D2517BB-DC52-4117-99E4-C3C34E671E58}.Debug|x86.ActiveCfg = Debug|Win32
		{2D2517BB-DC52-4117-99E4-C3C34E671E58}.Debug|x86.Build.0 = Debug|Win32
		{2D2517BB-DC52-4117-99E4-C3C34E671E58}.Release|x64.ActiveCfg = Release|x64
		{2D2517BB-DC52-4117-99E4-C3C34E671E58}.Release|x64.Build.0 = Release|x64
		{2D2517BB-DC52-4117-99E4-C3C34E671E58}.Release|x86.ActiveCfg = Release|Win32
		{2D2517BB-DC52-4117-99E4-C3C34E671E58}.Release|x86.Build.0 = Release|Win32
		{5851FFA4-89EF-4126-BC10-AB504500F253}.Debug|x64.ActiveCfg = Debug|x64
		{5851FFA4-89EF-4126-BC10-AB504500F253}.Debug|x64.Build.0 = Debug|x64
		{5851FFA4-89EF-4126-BC10-AB504500F253}.Debug|x86.ActiveCfg = Debug|Win32
		{5851FFA4-89EF-4126-BC10-AB504500F253}.Debug|x86.Build.0 = Debug|Win32
		{5851FFA4-89EF-4126-BC10-AB504500F253}.Release|x64.ActiveCfg = Release|x64
		{5851FFA4-89EF-4126-BC10-AB504500F253}.Release|x64.Build.0 = Release|x64
		{5851FFA4-89EF-4126-BC10-AB504500F253}.Release|x86.ActiveCfg = Release|Win32
		{5851FFA4-89EF-4126-BC10-AB504500F253}.Release|x86.Build.0 = Release|Win32
	EndGlobalSection
	GlobalSection(SolutionProperties) = preSolution
		HideSolutionNode = FALSE
	EndGlobalSection
	GlobalSection(ExtensibilityGlobals) = postSolution
		SolutionGuid = {ECC7AC74-3A71-4EB3-8452-32A4A8C658A7}
	EndGlobalSection
EndGlobal
