
Microsoft Visual Studio Solution File, Format Version 12.00
# Visual Studio Version 17
VisualStudioVersion = 17.3.32901.215
MinimumVisualStudioVersion = 10.0.40219.1
Project("{8BC9CEB8-8B4A-11D0-8D11-00A0C91BC942}") = "task2", "task2\task2.vcxproj", "{F19DACCD-8892-4900-B2DD-BD6470FD61C3}"
EndProject
Project("{8BC9CEB8-8B4A-11D0-8D11-00A0C91BC942}") = "task3", "task3\task3.vcxproj", "{02C288B9-98C9-4AD1-9036-977A841FB8B8}"
EndProject
Project("{8BC9CEB8-8B4A-11D0-8D11-00A0C91BC942}") = "task4", "task4\task4.vcxproj", "{46D3121E-4431-4022-B3B4-2E66234763E0}"
EndProject
Project("{8BC9CEB8-8B4A-11D0-8D11-00A0C91BC942}") = "task5", "task5\task5.vcxproj", "{32D50B7A-EF42-423B-B2A3-746FC43D88FE}"
EndProject
Project("{8BC9CEB8-8B4A-11D0-8D11-00A0C91BC942}") = "task1", "task1\task1.vcxproj", "{0417CC5F-EC0D-4965-8C27-0A8A6B3A6CEF}"
EndProject
Project("{8BC9CEB8-8B4A-11D0-8D11-00A0C91BC942}") = "task6", "task6\task6.vcxproj", "{DB7689A8-CB79-463E-AAAB-9B4336858C6C}"
EndProject
Project("{8BC9CEB8-8B4A-11D0-8D11-00A0C91BC942}") = "task7", "task7\task7.vcxproj", "{03F4A4AB-4B27-4BED-AA9F-26BFAEE677D3}"
EndProject
Project("{8BC9CEB8-8B4A-11D0-8D11-00A0C91BC942}") = "task8", "task8\task8.vcxproj", "{B8253E14-0BAF-4A97-BC19-FE9C8E129D29}"
EndProject
Project("{8BC9CEB8-8B4A-11D0-8D11-00A0C91BC942}") = "TestTask3", "TestTask3\TestTask3.vcxproj", "{9C166623-E3E8-4E88-A2E6-106F29B53476}"
EndProject
Project("{8BC9CEB8-8B4A-11D0-8D11-00A0C91BC942}") = "TestTask4", "TestTask4\TestTask4.vcxproj", "{80F96823-D8EA-48C9-B49D-AD1721012E49}"
EndProject
Project("{8BC9CEB8-8B4A-11D0-8D11-00A0C91BC942}") = "TestTask5", "TestTask5\TestTask5.vcxproj", "{CED6C10B-6E93-4A6E-A750-1DEC67D1E95E}"
EndProject
Project("{8BC9CEB8-8B4A-11D0-8D11-00A0C91BC942}") = "Dll1", "Dll1\Dll1.vcxproj", "{91F31D18-E4B5-46E3-AF99-5F6DB5ED4DB9}"
EndProject
Global
	GlobalSection(SolutionConfigurationPlatforms) = preSolution
		Debug|x64 = Debug|x64
		Debug|x86 = Debug|x86
		Release|x64 = Release|x64
		Release|x86 = Release|x86
	EndGlobalSection
	GlobalSection(ProjectConfigurationPlatforms) = postSolution
		{F19DACCD-8892-4900-B2DD-BD6470FD61C3}.Debug|x64.ActiveCfg = Debug|x64
		{F19DACCD-8892-4900-B2DD-BD6470FD61C3}.Debug|x64.Build.0 = Debug|x64
		{F19DACCD-8892-4900-B2DD-BD6470FD61C3}.Debug|x86.ActiveCfg = Debug|Win32
		{F19DACCD-8892-4900-B2DD-BD6470FD61C3}.Debug|x86.Build.0 = Debug|Win32
		{F19DACCD-8892-4900-B2DD-BD6470FD61C3}.Release|x64.ActiveCfg = Release|x64
		{F19DACCD-8892-4900-B2DD-BD6470FD61C3}.Release|x64.Build.0 = Release|x64
		{F19DACCD-8892-4900-B2DD-BD6470FD61C3}.Release|x86.ActiveCfg = Release|Win32
		{F19DACCD-8892-4900-B2DD-BD6470FD61C3}.Release|x86.Build.0 = Release|Win32
		{02C288B9-98C9-4AD1-9036-977A841FB8B8}.Debug|x64.ActiveCfg = Debug|x64
		{02C288B9-98C9-4AD1-9036-977A841FB8B8}.Debug|x64.Build.0 = Debug|x64
		{02C288B9-98C9-4AD1-9036-977A841FB8B8}.Debug|x86.ActiveCfg = Debug|Win32
		{02C288B9-98C9-4AD1-9036-977A841FB8B8}.Debug|x86.Build.0 = Debug|Win32
		{02C288B9-98C9-4AD1-9036-977A841FB8B8}.Release|x64.ActiveCfg = Release|x64
		{02C288B9-98C9-4AD1-9036-977A841FB8B8}.Release|x64.Build.0 = Release|x64
		{02C288B9-98C9-4AD1-9036-977A841FB8B8}.Release|x86.ActiveCfg = Release|Win32
		{02C288B9-98C9-4AD1-9036-977A841FB8B8}.Release|x86.Build.0 = Release|Win32
		{46D3121E-4431-4022-B3B4-2E66234763E0}.Debug|x64.ActiveCfg = Debug|x64
		{46D3121E-4431-4022-B3B4-2E66234763E0}.Debug|x64.Build.0 = Debug|x64
		{46D3121E-4431-4022-B3B4-2E66234763E0}.Debug|x86.ActiveCfg = Debug|Win32
		{46D3121E-4431-4022-B3B4-2E66234763E0}.Debug|x86.Build.0 = Debug|Win32
		{46D3121E-4431-4022-B3B4-2E66234763E0}.Release|x64.ActiveCfg = Release|x64
		{46D3121E-4431-4022-B3B4-2E66234763E0}.Release|x64.Build.0 = Release|x64
		{46D3121E-4431-4022-B3B4-2E66234763E0}.Release|x86.ActiveCfg = Release|Win32
		{46D3121E-4431-4022-B3B4-2E66234763E0}.Release|x86.Build.0 = Release|Win32
		{32D50B7A-EF42-423B-B2A3-746FC43D88FE}.Debug|x64.ActiveCfg = Debug|x64
		{32D50B7A-EF42-423B-B2A3-746FC43D88FE}.Debug|x64.Build.0 = Debug|x64
		{32D50B7A-EF42-423B-B2A3-746FC43D88FE}.Debug|x86.ActiveCfg = Debug|Win32
		{32D50B7A-EF42-423B-B2A3-746FC43D88FE}.Debug|x86.Build.0 = Debug|Win32
		{32D50B7A-EF42-423B-B2A3-746FC43D88FE}.Release|x64.ActiveCfg = Release|x64
		{32D50B7A-EF42-423B-B2A3-746FC43D88FE}.Release|x64.Build.0 = Release|x64
		{32D50B7A-EF42-423B-B2A3-746FC43D88FE}.Release|x86.ActiveCfg = Release|Win32
		{32D50B7A-EF42-423B-B2A3-746FC43D88FE}.Release|x86.Build.0 = Release|Win32
		{0417CC5F-EC0D-4965-8C27-0A8A6B3A6CEF}.Debug|x64.ActiveCfg = Debug|x64
		{0417CC5F-EC0D-4965-8C27-0A8A6B3A6CEF}.Debug|x64.Build.0 = Debug|x64
		{0417CC5F-EC0D-4965-8C27-0A8A6B3A6CEF}.Debug|x86.ActiveCfg = Debug|Win32
		{0417CC5F-EC0D-4965-8C27-0A8A6B3A6CEF}.Debug|x86.Build.0 = Debug|Win32
		{0417CC5F-EC0D-4965-8C27-0A8A6B3A6CEF}.Release|x64.ActiveCfg = Release|x64
		{0417CC5F-EC0D-4965-8C27-0A8A6B3A6CEF}.Release|x64.Build.0 = Release|x64
		{0417CC5F-EC0D-4965-8C27-0A8A6B3A6CEF}.Release|x86.ActiveCfg = Release|Win32
		{0417CC5F-EC0D-4965-8C27-0A8A6B3A6CEF}.Release|x86.Build.0 = Release|Win32
		{DB7689A8-CB79-463E-AAAB-9B4336858C6C}.Debug|x64.ActiveCfg = Debug|x64
		{DB7689A8-CB79-463E-AAAB-9B4336858C6C}.Debug|x64.Build.0 = Debug|x64
		{DB7689A8-CB79-463E-AAAB-9B4336858C6C}.Debug|x86.ActiveCfg = Debug|Win32
		{DB7689A8-CB79-463E-AAAB-9B4336858C6C}.Debug|x86.Build.0 = Debug|Win32
		{DB7689A8-CB79-463E-AAAB-9B4336858C6C}.Release|x64.ActiveCfg = Release|x64
		{DB7689A8-CB79-463E-AAAB-9B4336858C6C}.Release|x64.Build.0 = Release|x64
		{DB7689A8-CB79-463E-AAAB-9B4336858C6C}.Release|x86.ActiveCfg = Release|Win32
		{DB7689A8-CB79-463E-AAAB-9B4336858C6C}.Release|x86.Build.0 = Release|Win32
		{03F4A4AB-4B27-4BED-AA9F-26BFAEE677D3}.Debug|x64.ActiveCfg = Debug|x64
		{03F4A4AB-4B27-4BED-AA9F-26BFAEE677D3}.Debug|x64.Build.0 = Debug|x64
		{03F4A4AB-4B27-4BED-AA9F-26BFAEE677D3}.Debug|x86.ActiveCfg = Debug|Win32
		{03F4A4AB-4B27-4BED-AA9F-26BFAEE677D3}.Debug|x86.Build.0 = Debug|Win32
		{03F4A4AB-4B27-4BED-AA9F-26BFAEE677D3}.Release|x64.ActiveCfg = Release|x64
		{03F4A4AB-4B27-4BED-AA9F-26BFAEE677D3}.Release|x64.Build.0 = Release|x64
		{03F4A4AB-4B27-4BED-AA9F-26BFAEE677D3}.Release|x86.ActiveCfg = Release|Win32
		{03F4A4AB-4B27-4BED-AA9F-26BFAEE677D3}.Release|x86.Build.0 = Release|Win32
		{B8253E14-0BAF-4A97-BC19-FE9C8E129D29}.Debug|x64.ActiveCfg = Debug|x64
		{B8253E14-0BAF-4A97-BC19-FE9C8E129D29}.Debug|x64.Build.0 = Debug|x64
		{B8253E14-0BAF-4A97-BC19-FE9C8E129D29}.Debug|x86.ActiveCfg = Debug|Win32
		{B8253E14-0BAF-4A97-BC19-FE9C8E129D29}.Debug|x86.Build.0 = Debug|Win32
		{B8253E14-0BAF-4A97-BC19-FE9C8E129D29}.Release|x64.ActiveCfg = Release|x64
		{B8253E14-0BAF-4A97-BC19-FE9C8E129D29}.Release|x64.Build.0 = Release|x64
		{B8253E14-0BAF-4A97-BC19-FE9C8E129D29}.Release|x86.ActiveCfg = Release|Win32
		{B8253E14-0BAF-4A97-BC19-FE9C8E129D29}.Release|x86.Build.0 = Release|Win32
		{9C166623-E3E8-4E88-A2E6-106F29B53476}.Debug|x64.ActiveCfg = Debug|x64
		{9C166623-E3E8-4E88-A2E6-106F29B53476}.Debug|x64.Build.0 = Debug|x64
		{9C166623-E3E8-4E88-A2E6-106F29B53476}.Debug|x86.ActiveCfg = Debug|Win32
		{9C166623-E3E8-4E88-A2E6-106F29B53476}.Debug|x86.Build.0 = Debug|Win32
		{9C166623-E3E8-4E88-A2E6-106F29B53476}.Release|x64.ActiveCfg = Release|x64
		{9C166623-E3E8-4E88-A2E6-106F29B53476}.Release|x64.Build.0 = Release|x64
		{9C166623-E3E8-4E88-A2E6-106F29B53476}.Release|x86.ActiveCfg = Release|Win32
		{9C166623-E3E8-4E88-A2E6-106F29B53476}.Release|x86.Build.0 = Release|Win32
		{80F96823-D8EA-48C9-B49D-AD1721012E49}.Debug|x64.ActiveCfg = Debug|x64
		{80F96823-D8EA-48C9-B49D-AD1721012E49}.Debug|x64.Build.0 = Debug|x64
		{80F96823-D8EA-48C9-B49D-AD1721012E49}.Debug|x86.ActiveCfg = Debug|Win32
		{80F96823-D8EA-48C9-B49D-AD1721012E49}.Debug|x86.Build.0 = Debug|Win32
		{80F96823-D8EA-48C9-B49D-AD1721012E49}.Release|x64.ActiveCfg = Release|x64
		{80F96823-D8EA-48C9-B49D-AD1721012E49}.Release|x64.Build.0 = Release|x64
		{80F96823-D8EA-48C9-B49D-AD1721012E49}.Release|x86.ActiveCfg = Release|Win32
		{80F96823-D8EA-48C9-B49D-AD1721012E49}.Release|x86.Build.0 = Release|Win32
		{CED6C10B-6E93-4A6E-A750-1DEC67D1E95E}.Debug|x64.ActiveCfg = Debug|x64
		{CED6C10B-6E93-4A6E-A750-1DEC67D1E95E}.Debug|x64.Build.0 = Debug|x64
		{CED6C10B-6E93-4A6E-A750-1DEC67D1E95E}.Debug|x86.ActiveCfg = Debug|Win32
		{CED6C10B-6E93-4A6E-A750-1DEC67D1E95E}.Debug|x86.Build.0 = Debug|Win32
		{CED6C10B-6E93-4A6E-A750-1DEC67D1E95E}.Release|x64.ActiveCfg = Release|x64
		{CED6C10B-6E93-4A6E-A750-1DEC67D1E95E}.Release|x64.Build.0 = Release|x64
		{CED6C10B-6E93-4A6E-A750-1DEC67D1E95E}.Release|x86.ActiveCfg = Release|Win32
		{CED6C10B-6E93-4A6E-A750-1DEC67D1E95E}.Release|x86.Build.0 = Release|Win32
		{91F31D18-E4B5-46E3-AF99-5F6DB5ED4DB9}.Debug|x64.ActiveCfg = Debug|x64
		{91F31D18-E4B5-46E3-AF99-5F6DB5ED4DB9}.Debug|x64.Build.0 = Debug|x64
		{91F31D18-E4B5-46E3-AF99-5F6DB5ED4DB9}.Debug|x86.ActiveCfg = Debug|Win32
		{91F31D18-E4B5-46E3-AF99-5F6DB5ED4DB9}.Debug|x86.Build.0 = Debug|Win32
		{91F31D18-E4B5-46E3-AF99-5F6DB5ED4DB9}.Release|x64.ActiveCfg = Release|x64
		{91F31D18-E4B5-46E3-AF99-5F6DB5ED4DB9}.Release|x64.Build.0 = Release|x64
		{91F31D18-E4B5-46E3-AF99-5F6DB5ED4DB9}.Release|x86.ActiveCfg = Release|Win32
		{91F31D18-E4B5-46E3-AF99-5F6DB5ED4DB9}.Release|x86.Build.0 = Release|Win32
	EndGlobalSection
	GlobalSection(SolutionProperties) = preSolution
		HideSolutionNode = FALSE
	EndGlobalSection
	GlobalSection(ExtensibilityGlobals) = postSolution
		SolutionGuid = {E6A0AF3F-CF07-485F-894C-15B269176FEC}
	EndGlobalSection
EndGlobal
