
Microsoft Visual Studio Solution File, Format Version 12.00
# Visual Studio Version 17
VisualStudioVersion = 17.3.32901.215
MinimumVisualStudioVersion = 10.0.40219.1
Project("{8BC9CEB8-8B4A-11D0-8D11-00A0C91BC942}") = "z2", "z2.vcxproj", "{A906873B-F1B6-4BF9-B84F-9A6956EC96B9}"
EndProject
Global
	GlobalSection(SolutionConfigurationPlatforms) = preSolution
		Debug|x64 = Debug|x64
		Debug|x86 = Debug|x86
		Release|x64 = Release|x64
		Release|x86 = Release|x86
	EndGlobalSection
	GlobalSection(ProjectConfigurationPlatforms) = postSolution
		{A906873B-F1B6-4BF9-B84F-9A6956EC96B9}.Debug|x64.ActiveCfg = Debug|x64
		{A906873B-F1B6-4BF9-B84F-9A6956EC96B9}.Debug|x64.Build.0 = Debug|x64
		{A906873B-F1B6-4BF9-B84F-9A6956EC96B9}.Debug|x86.ActiveCfg = Debug|Win32
		{A906873B-F1B6-4BF9-B84F-9A6956EC96B9}.Debug|x86.Build.0 = Debug|Win32
		{A906873B-F1B6-4BF9-B84F-9A6956EC96B9}.Release|x64.ActiveCfg = Release|x64
		{A906873B-F1B6-4BF9-B84F-9A6956EC96B9}.Release|x64.Build.0 = Release|x64
		{A906873B-F1B6-4BF9-B84F-9A6956EC96B9}.Release|x86.ActiveCfg = Release|Win32
		{A906873B-F1B6-4BF9-B84F-9A6956EC96B9}.Release|x86.Build.0 = Release|Win32
	EndGlobalSection
	GlobalSection(SolutionProperties) = preSolution
		HideSolutionNode = FALSE
	EndGlobalSection
	GlobalSection(ExtensibilityGlobals) = postSolution
		SolutionGuid = {B079248C-C5CC-4A04-971D-9E6EDEFC023B}
	EndGlobalSection
EndGlobal
